<?xml version="1.0" encoding="utf-8"?>
<Project ToolsVersion="4.0" xmlns="http://schemas.microsoft.com/developer/msbuild/2003">
  <ItemGroup>
    <Filter Include="src">
      <UniqueIdentifier>{f5a25007-4581-42d0-843d-06fba0674fea}</UniqueIdentifier>
    </Filter>
    <Filter Include="src\Renderer">
      <UniqueIdentifier>{81f96e67-076d-435a-8091-66fef47c2d00}</UniqueIdentifier>
    </Filter>
    <Filter Include="src\Sound">
      <UniqueIdentifier>{43a793b9-4a46-4b39-b77b-069134b7e06c}</UniqueIdentifier>
    </Filter>
    <Filter Include="src\UI">
      <UniqueIdentifier>{fe02f44e-a6dd-4572-8c1f-c20cfba076e2}</UniqueIdentifier>
    </Filter>
  </ItemGroup>
  <ItemGroup>
    <ClCompile Include="src\UI\Button.cpp">
      <Filter>src\UI</Filter>
    </ClCompile>
    <ClCompile Include="src\UI\Font.cpp">
      <Filter>src\UI</Filter>
    </ClCompile>
    <ClCompile Include="src\UI\Text.cpp">
      <Filter>src\UI</Filter>
    </ClCompile>
    <ClCompile Include="src\Sound\Music.cpp">
      <Filter>src\Sound</Filter>
    </ClCompile>
    <ClCompile Include="src\Sound\SoundEffect.cpp">
      <Filter>src\Sound</Filter>
    </ClCompile>
    <ClCompile Include="src\Renderer\Renderable.cpp">
      <Filter>src\Renderer</Filter>
    </ClCompile>
    <ClCompile Include="src\Renderer\Renderer.cpp">
      <Filter>src\Renderer</Filter>
    </ClCompile>
    <ClCompile Include="src\main.cpp">
      <Filter>src</Filter>
    </ClCompile>
    <ClCompile Include="src\Piece.cpp">
      <Filter>src</Filter>
    </ClCompile>
  </ItemGroup>
  <ItemGroup>
    <ClInclude Include="src\UI\Button.h">
      <Filter>src\UI</Filter>
    </ClInclude>
    <ClInclude Include="src\UI\Font.h">
      <Filter>src\UI</Filter>
    </ClInclude>
    <ClInclude Include="src\UI\Text.h">
      <Filter>src\UI</Filter>
    </ClInclude>
    <ClInclude Include="src\Sound\Music.h">
      <Filter>src\Sound</Filter>
    </ClInclude>
    <ClInclude Include="src\Sound\SoundEffect.h">
      <Filter>src\Sound</Filter>
    </ClInclude>
    <ClInclude Include="src\Renderer\Renderable.h">
      <Filter>src\Renderer</Filter>
    </ClInclude>
    <ClInclude Include="src\Renderer\Renderer.h">
      <Filter>src\Renderer</Filter>
    </ClInclude>
    <ClInclude Include="src\Piece.h">
      <Filter>src</Filter>
    </ClInclude>
  </ItemGroup>
</Project>